Mirror in progress since Mon, 05 Feb 2018 08:46:58 .. please wait!
winhttrack -qiC1%P%xs2u1k%h%B%s%uN101%Ip7DaK0H0%kQA25000%f#f -F "Mozilla/4.5 (compatible; HTTrack 3.0x; Windows 98)" -%F "<!-- Mirrored from %s%s by HTTrack Website Copier/3.x [XR&CO'2014], %s -->" -%l "en, *" https://app2.simpliroute.com/#/uprofile/info -O1 ""C:\Nova pasta\simpli api"" +*.png +*.gif +*.jpg +*.jpeg +*.css +*.js -ad.doubleclick.net/* -mime:application/foobar 
To pause the engine: create an empty file named 'hts-stop.lock'
PID=2564
START=1517827618
